
Microsoft Visual Studio Solution File, Format Version 12.00
# Visual Studio Version 16
VisualStudioVersion = 16.0.30717.126
MinimumVisualStudioVersion = 10.0.40219.1
Project("{FAE04EC0-301F-11D3-BF4B-00C04F79EFBC}") = "WPF_Styling", "WPF_Styling\WPF_Styling.csproj", "{A73541C9-8A50-4710-A094-1331454176F2}"
EndProject
Project("{FAE04EC0-301F-11D3-BF4B-00C04F79EFBC}") = "WPF_Navigation", "WPF_Navigation\WPF_Navigation.csproj", "{5AA1240A-6580-492E-88C3-4DCD1209A851}"
EndProject
Project("{FAE04EC0-301F-11D3-BF4B-00C04F79EFBC}") = "WPF_Event", "WPF_Event\WPF_Event.csproj", "{8956132C-C665-405C-8E7E-EA9A76582D14}"
EndProject
Project("{FAE04EC0-301F-11D3-BF4B-00C04F79EFBC}") = "WPF_ContentControl", "WPF_ContentControl\WPF_ContentControl.csproj", "{FF8C251F-BF4E-4543-85E3-B7BF4B20FF68}"
EndProject
Project("{FAE04EC0-301F-11D3-BF4B-00C04F79EFBC}") = "WPF_ItemsControl", "WPF_ItemsControl\WPF_ItemsControl.csproj", "{5367792A-27B2-4517-B110-E83FACFBE9DF}"
EndProject
Project("{FAE04EC0-301F-11D3-BF4B-00C04F79EFBC}") = "WPF_TextBox", "WPF_TextBox\WPF_TextBox.csproj", "{6ABE7A6B-EEB1-4122-8345-41AA93BB0FE4}"
EndProject
Project("{FAE04EC0-301F-11D3-BF4B-00C04F79EFBC}") = "WPF_Button", "WPF_Button\WPF_Button.csproj", "{048B4005-F81C-44FA-ABEC-5B20A9F304A3}"
EndProject
Project("{FAE04EC0-301F-11D3-BF4B-00C04F79EFBC}") = "WPF_ListBox", "WPF_ListBox\WPF_ListBox.csproj", "{9341C0CE-90D2-473B-961E-DF47E68F2B03}"
EndProject
Project("{FAE04EC0-301F-11D3-BF4B-00C04F79EFBC}") = "WPF_ComboBox", "WPF_ComboBox\WPF_ComboBox.csproj", "{9265A25F-26A2-4403-B328-F2C81BCE8D02}"
EndProject
Project("{FAE04EC0-301F-11D3-BF4B-00C04F79EFBC}") = "WPF_DataGrid", "WPF_DataGrid\WPF_DataGrid.csproj", "{E5D00FC2-EA27-4CE1-8C9F-6D068779842B}"
EndProject
Project("{FAE04EC0-301F-11D3-BF4B-00C04F79EFBC}") = "WPF_ResourceDictionary", "WPF_ResourceDictionary\WPF_ResourceDictionary.csproj", "{F67F5B9A-ABDD-4AB0-A45B-50798496B561}"
EndProject
Global
	GlobalSection(SolutionConfigurationPlatforms) = preSolution
		Debug|Any CPU = Debug|Any CPU
		Release|Any CPU = Release|Any CPU
	EndGlobalSection
	GlobalSection(ProjectConfigurationPlatforms) = postSolution
		{A73541C9-8A50-4710-A094-1331454176F2}.Debug|Any CPU.ActiveCfg = Debug|Any CPU
		{A73541C9-8A50-4710-A094-1331454176F2}.Debug|Any CPU.Build.0 = Debug|Any CPU
		{A73541C9-8A50-4710-A094-1331454176F2}.Release|Any CPU.ActiveCfg = Release|Any CPU
		{A73541C9-8A50-4710-A094-1331454176F2}.Release|Any CPU.Build.0 = Release|Any CPU
		{5AA1240A-6580-492E-88C3-4DCD1209A851}.Debug|Any CPU.ActiveCfg = Debug|Any CPU
		{5AA1240A-6580-492E-88C3-4DCD1209A851}.Debug|Any CPU.Build.0 = Debug|Any CPU
		{5AA1240A-6580-492E-88C3-4DCD1209A851}.Release|Any CPU.ActiveCfg = Release|Any CPU
		{5AA1240A-6580-492E-88C3-4DCD1209A851}.Release|Any CPU.Build.0 = Release|Any CPU
		{8956132C-C665-405C-8E7E-EA9A76582D14}.Debug|Any CPU.ActiveCfg = Debug|Any CPU
		{8956132C-C665-405C-8E7E-EA9A76582D14}.Debug|Any CPU.Build.0 = Debug|Any CPU
		{8956132C-C665-405C-8E7E-EA9A76582D14}.Release|Any CPU.ActiveCfg = Release|Any CPU
		{8956132C-C665-405C-8E7E-EA9A76582D14}.Release|Any CPU.Build.0 = Release|Any CPU
		{FF8C251F-BF4E-4543-85E3-B7BF4B20FF68}.Debug|Any CPU.ActiveCfg = Debug|Any CPU
		{FF8C251F-BF4E-4543-85E3-B7BF4B20FF68}.Debug|Any CPU.Build.0 = Debug|Any CPU
		{FF8C251F-BF4E-4543-85E3-B7BF4B20FF68}.Release|Any CPU.ActiveCfg = Release|Any CPU
		{FF8C251F-BF4E-4543-85E3-B7BF4B20FF68}.Release|Any CPU.Build.0 = Release|Any CPU
		{5367792A-27B2-4517-B110-E83FACFBE9DF}.Debug|Any CPU.ActiveCfg = Debug|Any CPU
		{5367792A-27B2-4517-B110-E83FACFBE9DF}.Debug|Any CPU.Build.0 = Debug|Any CPU
		{5367792A-27B2-4517-B110-E83FACFBE9DF}.Release|Any CPU.ActiveCfg = Release|Any CPU
		{5367792A-27B2-4517-B110-E83FACFBE9DF}.Release|Any CPU.Build.0 = Release|Any CPU
		{6ABE7A6B-EEB1-4122-8345-41AA93BB0FE4}.Debug|Any CPU.ActiveCfg = Debug|Any CPU
		{6ABE7A6B-EEB1-4122-8345-41AA93BB0FE4}.Debug|Any CPU.Build.0 = Debug|Any CPU
		{6ABE7A6B-EEB1-4122-8345-41AA93BB0FE4}.Release|Any CPU.ActiveCfg = Release|Any CPU
		{6ABE7A6B-EEB1-4122-8345-41AA93BB0FE4}.Release|Any CPU.Build.0 = Release|Any CPU
		{048B4005-F81C-44FA-ABEC-5B20A9F304A3}.Debug|Any CPU.ActiveCfg = Debug|Any CPU
		{048B4005-F81C-44FA-ABEC-5B20A9F304A3}.Debug|Any CPU.Build.0 = Debug|Any CPU
		{048B4005-F81C-44FA-ABEC-5B20A9F304A3}.Release|Any CPU.ActiveCfg = Release|Any CPU
		{048B4005-F81C-44FA-ABEC-5B20A9F304A3}.Release|Any CPU.Build.0 = Release|Any CPU
		{9341C0CE-90D2-473B-961E-DF47E68F2B03}.Debug|Any CPU.ActiveCfg = Debug|Any CPU
		{9341C0CE-90D2-473B-961E-DF47E68F2B03}.Debug|Any CPU.Build.0 = Debug|Any CPU
		{9341C0CE-90D2-473B-961E-DF47E68F2B03}.Release|Any CPU.ActiveCfg = Release|Any CPU
		{9341C0CE-90D2-473B-961E-DF47E68F2B03}.Release|Any CPU.Build.0 = Release|Any CPU
		{9265A25F-26A2-4403-B328-F2C81BCE8D02}.Debug|Any CPU.ActiveCfg = Debug|Any CPU
		{9265A25F-26A2-4403-B328-F2C81BCE8D02}.Debug|Any CPU.Build.0 = Debug|Any CPU
		{9265A25F-26A2-4403-B328-F2C81BCE8D02}.Release|Any CPU.ActiveCfg = Release|Any CPU
		{9265A25F-26A2-4403-B328-F2C81BCE8D02}.Release|Any CPU.Build.0 = Release|Any CPU
		{E5D00FC2-EA27-4CE1-8C9F-6D068779842B}.Debug|Any CPU.ActiveCfg = Debug|Any CPU
		{E5D00FC2-EA27-4CE1-8C9F-6D068779842B}.Debug|Any CPU.Build.0 = Debug|Any CPU
		{E5D00FC2-EA27-4CE1-8C9F-6D068779842B}.Release|Any CPU.ActiveCfg = Release|Any CPU
		{E5D00FC2-EA27-4CE1-8C9F-6D068779842B}.Release|Any CPU.Build.0 = Release|Any CPU
		{F67F5B9A-ABDD-4AB0-A45B-50798496B561}.Debug|Any CPU.ActiveCfg = Debug|Any CPU
		{F67F5B9A-ABDD-4AB0-A45B-50798496B561}.Debug|Any CPU.Build.0 = Debug|Any CPU
		{F67F5B9A-ABDD-4AB0-A45B-50798496B561}.Release|Any CPU.ActiveCfg = Release|Any CPU
		{F67F5B9A-ABDD-4AB0-A45B-50798496B561}.Release|Any CPU.Build.0 = Release|Any CPU
	EndGlobalSection
	GlobalSection(SolutionProperties) = preSolution
		HideSolutionNode = FALSE
	EndGlobalSection
	GlobalSection(ExtensibilityGlobals) = postSolution
		SolutionGuid = {7DE62149-EB2B-4347-99BF-51E061ECB839}
	EndGlobalSection
EndGlobal
